
Microsoft Visual Studio Solution File, Format Version 12.00
# Visual Studio 15
VisualStudioVersion = 15.0.26124.0
MinimumVisualStudioVersion = 15.0.26124.0
Project("{9A19103F-16F7-4668-BE54-9A1E7A4F7556}") = "LetsPlayDarts", "LetsPlayDarts\LetsPlayDarts.csproj", "{F61750C6-F8B9-4ACD-A983-F16232987A38}"
EndProject
Project("{FAE04EC0-301F-11D3-BF4B-00C04F79EFBC}") = "LetsPlayDarts.Tests", "LetsPlayDarts.Tests\LetsPlayDarts.Tests.csproj", "{BB48A1F4-9436-4FF8-AFA6-78E624DC23B2}"
EndProject
Project("{FAE04EC0-301F-11D3-BF4B-00C04F79EFBC}") = "LetsPlayDarts.Framework", "LetsPlayDarts.Framework\LetsPlayDarts.Framework.csproj", "{25B4A52D-182C-40F8-9E8B-421E74C5F1D6}"
EndProject
Global
	GlobalSection(SolutionConfigurationPlatforms) = preSolution
		Debug|Any CPU = Debug|Any CPU
		Debug|x64 = Debug|x64
		Debug|x86 = Debug|x86
		Release|Any CPU = Release|Any CPU
		Release|x64 = Release|x64
		Release|x86 = Release|x86
	EndGlobalSection
	GlobalSection(ProjectConfigurationPlatforms) = postSolution
		{F61750C6-F8B9-4ACD-A983-F16232987A38}.Debug|Any CPU.ActiveCfg = Debug|Any CPU
		{F61750C6-F8B9-4ACD-A983-F16232987A38}.Debug|Any CPU.Build.0 = Debug|Any CPU
		{F61750C6-F8B9-4ACD-A983-F16232987A38}.Debug|x64.ActiveCfg = Debug|Any CPU
		{F61750C6-F8B9-4ACD-A983-F16232987A38}.Debug|x64.Build.0 = Debug|Any CPU
		{F61750C6-F8B9-4ACD-A983-F16232987A38}.Debug|x86.ActiveCfg = Debug|Any CPU
		{F61750C6-F8B9-4ACD-A983-F16232987A38}.Debug|x86.Build.0 = Debug|Any CPU
		{F61750C6-F8B9-4ACD-A983-F16232987A38}.Release|Any CPU.ActiveCfg = Release|Any CPU
		{F61750C6-F8B9-4ACD-A983-F16232987A38}.Release|Any CPU.Build.0 = Release|Any CPU
		{F61750C6-F8B9-4ACD-A983-F16232987A38}.Release|x64.ActiveCfg = Release|Any CPU
		{F61750C6-F8B9-4ACD-A983-F16232987A38}.Release|x64.Build.0 = Release|Any CPU
		{F61750C6-F8B9-4ACD-A983-F16232987A38}.Release|x86.ActiveCfg = Release|Any CPU
		{F61750C6-F8B9-4ACD-A983-F16232987A38}.Release|x86.Build.0 = Release|Any CPU
		{BB48A1F4-9436-4FF8-AFA6-78E624DC23B2}.Debug|Any CPU.ActiveCfg = Debug|Any CPU
		{BB48A1F4-9436-4FF8-AFA6-78E624DC23B2}.Debug|Any CPU.Build.0 = Debug|Any CPU
		{BB48A1F4-9436-4FF8-AFA6-78E624DC23B2}.Debug|x64.ActiveCfg = Debug|Any CPU
		{BB48A1F4-9436-4FF8-AFA6-78E624DC23B2}.Debug|x64.Build.0 = Debug|Any CPU
		{BB48A1F4-9436-4FF8-AFA6-78E624DC23B2}.Debug|x86.ActiveCfg = Debug|Any CPU
		{BB48A1F4-9436-4FF8-AFA6-78E624DC23B2}.Debug|x86.Build.0 = Debug|Any CPU
		{BB48A1F4-9436-4FF8-AFA6-78E624DC23B2}.Release|Any CPU.ActiveCfg = Release|Any CPU
		{BB48A1F4-9436-4FF8-AFA6-78E624DC23B2}.Release|Any CPU.Build.0 = Release|Any CPU
		{BB48A1F4-9436-4FF8-AFA6-78E624DC23B2}.Release|x64.ActiveCfg = Release|Any CPU
		{BB48A1F4-9436-4FF8-AFA6-78E624DC23B2}.Release|x64.Build.0 = Release|Any CPU
		{BB48A1F4-9436-4FF8-AFA6-78E624DC23B2}.Release|x86.ActiveCfg = Release|Any CPU
		{BB48A1F4-9436-4FF8-AFA6-78E624DC23B2}.Release|x86.Build.0 = Release|Any CPU
		{25B4A52D-182C-40F8-9E8B-421E74C5F1D6}.Debug|Any CPU.ActiveCfg = Debug|Any CPU
		{25B4A52D-182C-40F8-9E8B-421E74C5F1D6}.Debug|Any CPU.Build.0 = Debug|Any CPU
		{25B4A52D-182C-40F8-9E8B-421E74C5F1D6}.Debug|x64.ActiveCfg = Debug|Any CPU
		{25B4A52D-182C-40F8-9E8B-421E74C5F1D6}.Debug|x64.Build.0 = Debug|Any CPU
		{25B4A52D-182C-40F8-9E8B-421E74C5F1D6}.Debug|x86.ActiveCfg = Debug|Any CPU
		{25B4A52D-182C-40F8-9E8B-421E74C5F1D6}.Debug|x86.Build.0 = Debug|Any CPU
		{25B4A52D-182C-40F8-9E8B-421E74C5F1D6}.Release|Any CPU.ActiveCfg = Release|Any CPU
		{25B4A52D-182C-40F8-9E8B-421E74C5F1D6}.Release|Any CPU.Build.0 = Release|Any CPU
		{25B4A52D-182C-40F8-9E8B-421E74C5F1D6}.Release|x64.ActiveCfg = Release|Any CPU
		{25B4A52D-182C-40F8-9E8B-421E74C5F1D6}.Release|x64.Build.0 = Release|Any CPU
		{25B4A52D-182C-40F8-9E8B-421E74C5F1D6}.Release|x86.ActiveCfg = Release|Any CPU
		{25B4A52D-182C-40F8-9E8B-421E74C5F1D6}.Release|x86.Build.0 = Release|Any CPU
	EndGlobalSection
	GlobalSection(SolutionProperties) = preSolution
		HideSolutionNode = FALSE
	EndGlobalSection
	GlobalSection(ExtensibilityGlobals) = postSolution
		SolutionGuid = {5F0ACFCD-4CB0-4C16-8A1D-CE4324E62681}
	EndGlobalSection
EndGlobal
